Microsoft Visual Studio Solution File, Format Version 12.00
# Visual Studio 2012
Project("{FAE04EC0-301F-11D3-BF4B-00C04F79EFBC}") = "Euchre-like", "Euchre-like.csproj", "{9AF43BDF-8E05-4628-ACA3-D216FBC1F337}"
EndProject
Global
	GlobalSection(SolutionConfigurationPlatforms) = preSolution
	Debug|Any CPU = Debug|Any CPU
	ExportDebug|Any CPU = ExportDebug|Any CPU
	ExportRelease|Any CPU = ExportRelease|Any CPU
	EndGlobalSection
	GlobalSection(ProjectConfigurationPlatforms) = postSolution
		{9AF43BDF-8E05-4628-ACA3-D216FBC1F337}.Debug|Any CPU.ActiveCfg = Debug|Any CPU
		{9AF43BDF-8E05-4628-ACA3-D216FBC1F337}.Debug|Any CPU.Build.0 = Debug|Any CPU
		{9AF43BDF-8E05-4628-ACA3-D216FBC1F337}.ExportDebug|Any CPU.ActiveCfg = ExportDebug|Any CPU
		{9AF43BDF-8E05-4628-ACA3-D216FBC1F337}.ExportDebug|Any CPU.Build.0 = ExportDebug|Any CPU
		{9AF43BDF-8E05-4628-ACA3-D216FBC1F337}.ExportRelease|Any CPU.ActiveCfg = ExportRelease|Any CPU
		{9AF43BDF-8E05-4628-ACA3-D216FBC1F337}.ExportRelease|Any CPU.Build.0 = ExportRelease|Any CPU
	EndGlobalSection
EndGlobal
